
Microsoft Visual Studio Solution File, Format Version 12.00
# Visual Studio 15
VisualStudioVersion = 15.0.27130.2027
MinimumVisualStudioVersion = 10.0.40219.1
Project("{FAE04EC0-301F-11D3-BF4B-00C04F79EFBC}") = "HazyBits.Twain.Manager", "HazyBits.Twain.Manager\HazyBits.Twain.Manager.csproj", "{1765984B-CA99-477A-81D2-AA56B887C7A9}"
EndProject
Project("{9A19103F-16F7-4668-BE54-9A1E7A4F7556}") = "HazyBits.Twain.Cloud", "HazyBits.Twain.Cloud\HazyBits.Twain.Cloud.csproj", "{66135447-7C50-481A-9959-638C9690F100}"
EndProject
Project("{9A19103F-16F7-4668-BE54-9A1E7A4F7556}") = "HazyBits.Twain.Cloud.Forms", "HazyBits.Twain.Cloud.Forms\HazyBits.Twain.Cloud.Forms.csproj", "{C93A1BD8-8A9B-4216-A3A4-E838E47B726C}"
EndProject
Global
	GlobalSection(SolutionConfigurationPlatforms) = preSolution
		Debug|Any CPU = Debug|Any CPU
		Release|Any CPU = Release|Any CPU
	EndGlobalSection
	GlobalSection(ProjectConfigurationPlatforms) = postSolution
		{1765984B-CA99-477A-81D2-AA56B887C7A9}.Debug|Any CPU.ActiveCfg = Debug|Any CPU
		{1765984B-CA99-477A-81D2-AA56B887C7A9}.Debug|Any CPU.Build.0 = Debug|Any CPU
		{1765984B-CA99-477A-81D2-AA56B887C7A9}.Release|Any CPU.ActiveCfg = Release|Any CPU
		{1765984B-CA99-477A-81D2-AA56B887C7A9}.Release|Any CPU.Build.0 = Release|Any CPU
		{66135447-7C50-481A-9959-638C9690F100}.Debug|Any CPU.ActiveCfg = Debug|Any CPU
		{66135447-7C50-481A-9959-638C9690F100}.Debug|Any CPU.Build.0 = Debug|Any CPU
		{66135447-7C50-481A-9959-638C9690F100}.Release|Any CPU.ActiveCfg = Release|Any CPU
		{66135447-7C50-481A-9959-638C9690F100}.Release|Any CPU.Build.0 = Release|Any CPU
		{C93A1BD8-8A9B-4216-A3A4-E838E47B726C}.Debug|Any CPU.ActiveCfg = Debug|Any CPU
		{C93A1BD8-8A9B-4216-A3A4-E838E47B726C}.Debug|Any CPU.Build.0 = Debug|Any CPU
		{C93A1BD8-8A9B-4216-A3A4-E838E47B726C}.Release|Any CPU.ActiveCfg = Release|Any CPU
		{C93A1BD8-8A9B-4216-A3A4-E838E47B726C}.Release|Any CPU.Build.0 = Release|Any CPU
	EndGlobalSection
	GlobalSection(SolutionProperties) = preSolution
		HideSolutionNode = FALSE
	EndGlobalSection
	GlobalSection(ExtensibilityGlobals) = postSolution
		SolutionGuid = {2FED6F31-6C3B-4A85-8CC5-587D31041189}
	EndGlobalSection
EndGlobal
